// !$*UTF8*$!
{
	archiveVersion = 1;
	classes = {
	};
	objectVersion = 46;
	objects = {

/* Begin PBXBuildFile section */
		000E4FD81EB7CE6400ECE440 /* VideoPlayerViewController.swift in Sources */ = {isa = PBXBuildFile; fileRef = 000E4FD71EB7CE6400ECE440 /* VideoPlayerViewController.swift */; };
		002F358B1EA80F6000A67384 /* Video.swift in Sources */ = {isa = PBXBuildFile; fileRef = 002F358A1EA80F6000A67384 /* Video.swift */; };
		005D9B5E1EA53ABF00DB4CAD /* VideoManager.swift in Sources */ = {isa = PBXBuildFile; fileRef = 005D9B5D1EA53ABF00DB4CAD /* VideoManager.swift */; };
		00AF4C831EA1434A00DA6BE6 /* AppDelegate.swift in Sources */ = {isa = PBXBuildFile; fileRef = 00AF4C821EA1434A00DA6BE6 /* AppDelegate.swift */; };
		00AF4C881EA1434A00DA6BE6 /* Main.storyboard in Resources */ = {isa = PBXBuildFile; fileRef = 00AF4C861EA1434A00DA6BE6 /* Main.storyboard */; };
		00AF4C8A1EA1434A00DA6BE6 /* Assets.xcassets in Resources */ = {isa = PBXBuildFile; fileRef = 00AF4C891EA1434A00DA6BE6 /* Assets.xcassets */; };
		00AF4C8D1EA1434A00DA6BE6 /* LaunchScreen.storyboard in Resources */ = {isa = PBXBuildFile; fileRef = 00AF4C8B1EA1434A00DA6BE6 /* LaunchScreen.storyboard */; };
		00AF4C951EA14A5600DA6BE6 /* RecordViewController.swift in Sources */ = {isa = PBXBuildFile; fileRef = 00AF4C941EA14A5600DA6BE6 /* RecordViewController.swift */; };
		00AF4C9E1EA3069F00DA6BE6 /* CoreMedia.framework in Frameworks */ = {isa = PBXBuildFile; fileRef = 00AF4C9D1EA3069F00DA6BE6 /* CoreMedia.framework */; };
		00D124951EA69E5E00F93A09 /* VideoCell.swift in Sources */ = {isa = PBXBuildFile; fileRef = 00D124941EA69E5E00F93A09 /* VideoCell.swift */; };
		00F7BF301EA663C600461AEA /* PlayCollectionViewController.swift in Sources */ = {isa = PBXBuildFile; fileRef = 00F7BF2F1EA663C600461AEA /* PlayCollectionViewController.swift */; };
		00FA012D1EAEEEA200C2EF19 /* AVKit.framework in Frameworks */ = {isa = PBXBuildFile; fileRef = 00AF4C9A1EA2FCB500DA6BE6 /* AVKit.framework */; };
		00FA012E1EAEEEAE00C2EF19 /* AVFoundation.framework in Frameworks */ = {isa = PBXBuildFile; fileRef = 00AF4C991EA2FCB500DA6BE6 /* AVFoundation.framework */; };
/* End PBXBuildFile section */

/* Begin PBXFileReference section */
		000E4FD71EB7CE6400ECE440 /* VideoPlayerViewController.swift */ = {isa = PBXFileReference; fileEncoding = 4; lastKnownFileType = sourcecode.swift; path = VideoPlayerViewController.swift; sourceTree = "<group>"; };
		002F358A1EA80F6000A67384 /* Video.swift */ = {isa = PBXFileReference; fileEncoding = 4; lastKnownFileType = sourcecode.swift; path = Video.swift; sourceTree = "<group>"; };
		005D9B5D1EA53ABF00DB4CAD /* VideoManager.swift */ = {isa = PBXFileReference; fileEncoding = 4; lastKnownFileType = sourcecode.swift; path = VideoManager.swift; sourceTree = "<group>"; };
		00AF4C7F1EA1434A00DA6BE6 /* SloMoCamera.app */ = {isa = PBXFileReference; explicitFileType = wrapper.application; includeInIndex = 0; path = SloMoCamera.app; sourceTree = BUILT_PRODUCTS_DIR; };
		00AF4C821EA1434A00DA6BE6 /* AppDelegate.swift */ = {isa = PBXFileReference; lastKnownFileType = sourcecode.swift; path = AppDelegate.swift; sourceTree = "<group>"; };
		00AF4C871EA1434A00DA6BE6 /* Base */ = {isa = PBXFileReference; lastKnownFileType = file.storyboard; name = Base; path = Base.lproj/Main.storyboard; sourceTree = "<group>"; };
		00AF4C891EA1434A00DA6BE6 /* Assets.xcassets */ = {isa = PBXFileReference; lastKnownFileType = folder.assetcatalog; path = Assets.xcassets; sourceTree = "<group>"; };
		00AF4C8C1EA1434A00DA6BE6 /* Base */ = {isa = PBXFileReference; lastKnownFileType = file.storyboard; name = Base; path = Base.lproj/LaunchScreen.storyboard; sourceTree = "<group>"; };
		00AF4C8E1EA1434A00DA6BE6 /* Info.plist */ = {isa = PBXFileReference; lastKnownFileType = text.plist.xml; path = Info.plist; sourceTree = "<group>"; };
		00AF4C941EA14A5600DA6BE6 /* RecordViewController.swift */ = {isa = PBXFileReference; fileEncoding = 4; lastKnownFileType = sourcecode.swift; path = RecordViewController.swift; sourceTree = "<group>"; };
		00AF4C991EA2FCB500DA6BE6 /* AVFoundation.framework */ = {isa = PBXFileReference; lastKnownFileType = wrapper.framework; name = AVFoundation.framework; path = System/Library/Frameworks/AVFoundation.framework; sourceTree = SDKROOT; };
		00AF4C9A1EA2FCB500DA6BE6 /* AVKit.framework */ = {isa = PBXFileReference; lastKnownFileType = wrapper.framework; name = AVKit.framework; path = System/Library/Frameworks/AVKit.framework; sourceTree = SDKROOT; };
		00AF4C9D1EA3069F00DA6BE6 /* CoreMedia.framework */ = {isa = PBXFileReference; lastKnownFileType = wrapper.framework; name = CoreMedia.framework; path = System/Library/Frameworks/CoreMedia.framework; sourceTree = SDKROOT; };
		00D124941EA69E5E00F93A09 /* VideoCell.swift */ = {isa = PBXFileReference; fileEncoding = 4; lastKnownFileType = sourcecode.swift; path = VideoCell.swift; sourceTree = "<group>"; };
		00F7BF2F1EA663C600461AEA /* PlayCollectionViewController.swift */ = {isa = PBXFileReference; fileEncoding = 4; lastKnownFileType = sourcecode.swift; path = PlayCollectionViewController.swift; sourceTree = "<group>"; };
/* End PBXFileReference section */

/* Begin PBXFrameworksBuildPhase section */
		00AF4C7C1EA1434A00DA6BE6 /* Frameworks */ = {
			isa = PBXFrameworksBuildPhase;
			buildActionMask = 2147483647;
			files = (
				00FA012E1EAEEEAE00C2EF19 /* AVFoundation.framework in Frameworks */,
				00FA012D1EAEEEA200C2EF19 /* AVKit.framework in Frameworks */,
				00AF4C9E1EA3069F00DA6BE6 /* CoreMedia.framework in Frameworks */,
			);
			runOnlyForDeploymentPostprocessing = 0;
		};
/* End PBXFrameworksBuildPhase section */

/* Begin PBXGroup section */
		00AF4C761EA1434A00DA6BE6 = {
			isa = PBXGroup;
			children = (
				00AF4C811EA1434A00DA6BE6 /* SloMoCamera */,
				00AF4C801EA1434A00DA6BE6 /* Products */,
				00AF4C981EA2FCB400DA6BE6 /* Frameworks */,
			);
			sourceTree = "<group>";
		};
		00AF4C801EA1434A00DA6BE6 /* Products */ = {
			isa = PBXGroup;
			children = (
				00AF4C7F1EA1434A00DA6BE6 /* SloMoCamera.app */,
			);
			name = Products;
			sourceTree = "<group>";
		};
		00AF4C811EA1434A00DA6BE6 /* SloMoCamera */ = {
			isa = PBXGroup;
			children = (
				00AF4C821EA1434A00DA6BE6 /* AppDelegate.swift */,
				00AF4C861EA1434A00DA6BE6 /* Main.storyboard */,
				002F358A1EA80F6000A67384 /* Video.swift */,
				00D124941EA69E5E00F93A09 /* VideoCell.swift */,
				005D9B5D1EA53ABF00DB4CAD /* VideoManager.swift */,
				00F7BF2F1EA663C600461AEA /* PlayCollectionViewController.swift */,
				00AF4C941EA14A5600DA6BE6 /* RecordViewController.swift */,
				000E4FD71EB7CE6400ECE440 /* VideoPlayerViewController.swift */,
				00AF4C891EA1434A00DA6BE6 /* Assets.xcassets */,
				00AF4C8B1EA1434A00DA6BE6 /* LaunchScreen.storyboard */,
				00AF4C8E1EA1434A00DA6BE6 /* Info.plist */,
			);
			path = SloMoCamera;
			sourceTree = "<group>";
		};
		00AF4C981EA2FCB400DA6BE6 /* Frameworks */ = {
			isa = PBXGroup;
			children = (
				00AF4C9D1EA3069F00DA6BE6 /* CoreMedia.framework */,
				00AF4C991EA2FCB500DA6BE6 /* AVFoundation.framework */,
				00AF4C9A1EA2FCB500DA6BE6 /* AVKit.framework */,
			);
			name = Frameworks;
			sourceTree = "<group>";
		};
/* End PBXGroup section */

/* Begin PBXNativeTarget section */
		00AF4C7E1EA1434A00DA6BE6 /* SloMoCamera */ = {
			isa = PBXNativeTarget;
			buildConfigurationList = 00AF4C911EA1434A00DA6BE6 /* Build configuration list for PBXNativeTarget "SloMoCamera" */;
			buildPhases = (
				00AF4C7B1EA1434A00DA6BE6 /* Sources */,
				00AF4C7C1EA1434A00DA6BE6 /* Frameworks */,
				00AF4C7D1EA1434A00DA6BE6 /* Resources */,
			);
			buildRules = (
			);
			dependencies = (
			);
			name = SloMoCamera;
			productName = SloMoCamera;
			productReference = 00AF4C7F1EA1434A00DA6BE6 /* SloMoCamera.app */;
			productType = "com.apple.product-type.application";
		};
/* End PBXNativeTarget section */

/* Begin PBXProject section */
		00AF4C771EA1434A00DA6BE6 /* Project object */ = {
			isa = PBXProject;
			attributes = {
				LastSwiftUpdateCheck = 0820;
				LastUpgradeCheck = 0820;
				ORGANIZATIONNAME = "Emiko Clark";
				TargetAttributes = {
					00AF4C7E1EA1434A00DA6BE6 = {
						CreatedOnToolsVersion = 8.2.1;
						DevelopmentTeam = X9KW2SQ39Q;
						ProvisioningStyle = Automatic;
					};
				};
			};
			buildConfigurationList = 00AF4C7A1EA1434A00DA6BE6 /* Build configuration list for PBXProject "SloMoCamera" */;
			compatibilityVersion = "Xcode 3.2";
			developmentRegion = English;
			hasScannedForEncodings = 0;
			knownRegions = (
				en,
				Base,
			);
			mainGroup = 00AF4C761EA1434A00DA6BE6;
			productRefGroup = 00AF4C801EA1434A00DA6BE6 /* Products */;
			projectDirPath = "";
			projectRoot = "";
			targets = (
				00AF4C7E1EA1434A00DA6BE6 /* SloMoCamera */,
			);
		};
/* End PBXProject section */

/* Begin PBXResourcesBuildPhase section */
		00AF4C7D1EA1434A00DA6BE6 /* Resources */ = {
			isa = PBXResourcesBuildPhase;
			buildActionMask = 2147483647;
			files = (
				00AF4C8D1EA1434A00DA6BE6 /* LaunchScreen.storyboard in Resources */,
				00AF4C8A1EA1434A00DA6BE6 /* Assets.xcassets in Resources */,
				00AF4C881EA1434A00DA6BE6 /* Main.storyboard in Resources */,
			);
			runOnlyForDeploymentPostprocessing = 0;
		};
/* End PBXResourcesBuildPhase section */

/* Begin PBXSourcesBuildPhase section */
		00AF4C7B1EA1434A00DA6BE6 /* Sources */ = {
			isa = PBXSourcesBuildPhase;
			buildActionMask = 2147483647;
			files = (
				00D124951EA69E5E00F93A09 /* VideoCell.swift in Sources */,
				002F358B1EA80F6000A67384 /* Video.swift in Sources */,
				00AF4C951EA14A5600DA6BE6 /* RecordViewController.swift in Sources */,
				000E4FD81EB7CE6400ECE440 /* VideoPlayerViewController.swift in Sources */,
				00AF4C831EA1434A00DA6BE6 /* AppDelegate.swift in Sources */,
				005D9B5E1EA53ABF00DB4CAD /* VideoManager.swift in Sources */,
				00F7BF301EA663C600461AEA /* PlayCollectionViewController.swift in Sources */,
			);
			runOnlyForDeploymentPostprocessing = 0;
		};
/* End PBXSourcesBuildPhase section */

/* Begin PBXVariantGroup section */
		00AF4C861EA1434A00DA6BE6 /* Main.storyboard */ = {
			isa = PBXVariantGroup;
			children = (
				00AF4C871EA1434A00DA6BE6 /* Base */,
			);
			name = Main.storyboard;
			sourceTree = "<group>";
		};
		00AF4C8B1EA1434A00DA6BE6 /* LaunchScreen.storyboard */ = {
			isa = PBXVariantGroup;
			children = (
				00AF4C8C1EA1434A00DA6BE6 /* Base */,
			);
			name = LaunchScreen.storyboard;
			sourceTree = "<group>";
		};
/* End PBXVariantGroup section */

/* Begin XCBuildConfiguration section */
		00AF4C8F1EA1434A00DA6BE6 /* Debug */ = {
			isa = XCBuildConfiguration;
			buildSettings = {
				ALWAYS_SEARCH_USER_PATHS = NO;
				CLANG_ANALYZER_NONNULL = YES;
				CLANG_CXX_LANGUAGE_STANDARD = "gnu++0x";
				CLANG_CXX_LIBRARY = "libc++";
				CLANG_ENABLE_MODULES = YES;
				CLANG_ENABLE_OBJC_ARC = YES;
				CLANG_WARN_BOOL_CONVERSION = YES;
				CLANG_WARN_CONSTANT_CONVERSION = YES;
				CLANG_WARN_DIRECT_OBJC_ISA_USAGE = YES_ERROR;
				CLANG_WARN_DOCUMENTATION_COMMENTS = YES;
				CLANG_WARN_EMPTY_BODY = YES;
				CLANG_WARN_ENUM_CONVERSION = YES;
				CLANG_WARN_INFINITE_RECURSION = YES;
				CLANG_WARN_INT_CONVERSION = YES;
				CLANG_WARN_OBJC_ROOT_CLASS = YES_ERROR;
				CLANG_WARN_SUSPICIOUS_MOVE = YES;
				CLANG_WARN_UNREACHABLE_CODE = YES;
				CLANG_WARN__DUPLICATE_METHOD_MATCH = YES;
				"CODE_SIGN_IDENTITY[sdk=iphoneos*]" = "iPhone Developer";
				COPY_PHASE_STRIP = NO;
				DEBUG_INFORMATION_FORMAT = dwarf;
				ENABLE_STRICT_OBJC_MSGSEND = YES;
				ENABLE_TESTABILITY = YES;
				GCC_C_LANGUAGE_STANDARD = gnu99;
				GCC_DYNAMIC_NO_PIC = NO;
				GCC_NO_COMMON_BLOCKS = YES;
				GCC_OPTIMIZATION_LEVEL = 0;
				GCC_PREPROCESSOR_DEFINITIONS = (
					"DEBUG=1",
					"$(inherited)",
				);
				GCC_WARN_64_TO_32_BIT_CONVERSION = YES;
				GCC_WARN_ABOUT_RETURN_TYPE = YES_ERROR;
				GCC_WARN_UNDECLARED_SELECTOR = YES;
				GCC_WARN_UNINITIALIZED_AUTOS = YES_AGGRESSIVE;
				GCC_WARN_UNUSED_FUNCTION = YES;
				GCC_WARN_UNUSED_VARIABLE = YES;
				IPHONEOS_DEPLOYMENT_TARGET = 10.2;
				MTL_ENABLE_DEBUG_INFO = YES;
				ONLY_ACTIVE_ARCH = YES;
				SDKROOT = iphoneos;
				SWIFT_ACTIVE_COMPILATION_CONDITIONS = DEBUG;
				SWIFT_OPTIMIZATION_LEVEL = "-Onone";
				TARGETED_DEVICE_FAMILY = "1,2";
			};
			name = Debug;
		};
		00AF4C901EA1434A00DA6BE6 /* Release */ = {
			isa = XCBuildConfiguration;
			buildSettings = {
				ALWAYS_SEARCH_USER_PATHS = NO;
				CLANG_ANALYZER_NONNULL = YES;
				CLANG_CXX_LANGUAGE_STANDARD = "gnu++0x";
				CLANG_CXX_LIBRARY = "libc++";
				CLANG_ENABLE_MODULES = YES;
				CLANG_ENABLE_OBJC_ARC = YES;
				CLANG_WARN_BOOL_CONVERSION = YES;
				CLANG_WARN_CONSTANT_CONVERSION = YES;
				CLANG_WARN_DIRECT_OBJC_ISA_USAGE = YES_ERROR;
				CLANG_WARN_DOCUMENTATION_COMMENTS = YES;
				CLANG_WARN_EMPTY_BODY = YES;
				CLANG_WARN_ENUM_CONVERSION = YES;
				CLANG_WARN_INFINITE_RECURSION = YES;
				CLANG_WARN_INT_CONVERSION = YES;
				CLANG_WARN_OBJC_ROOT_CLASS = YES_ERROR;
				CLANG_WARN_SUSPICIOUS_MOVE = YES;
				CLANG_WARN_UNREACHABLE_CODE = YES;
				CLANG_WARN__DUPLICATE_METHOD_MATCH = YES;
				"CODE_SIGN_IDENTITY[sdk=iphoneos*]" = "iPhone Developer";
				COPY_PHASE_STRIP = NO;
				DEBUG_INFORMATION_FORMAT = "dwarf-with-dsym";
				ENABLE_NS_ASSERTIONS = NO;
				ENABLE_STRICT_OBJC_MSGSEND = YES;
				GCC_C_LANGUAGE_STANDARD = gnu99;
				GCC_NO_COMMON_BLOCKS = YES;
				GCC_WARN_64_TO_32_BIT_CONVERSION = YES;
				GCC_WARN_ABOUT_RETURN_TYPE = YES_ERROR;
				GCC_WARN_UNDECLARED_SELECTOR = YES;
				GCC_WARN_UNINITIALIZED_AUTOS = YES_AGGRESSIVE;
				GCC_WARN_UNUSED_FUNCTION = YES;
				GCC_WARN_UNUSED_VARIABLE = YES;
				IPHONEOS_DEPLOYMENT_TARGET = 10.2;
				MTL_ENABLE_DEBUG_INFO = NO;
				SDKROOT = iphoneos;
				SWIFT_OPTIMIZATION_LEVEL = "-Owholemodule";
				TARGETED_DEVICE_FAMILY = "1,2";
				VALIDATE_PRODUCT = YES;
			};
			name = Release;
		};
		00AF4C921EA1434A00DA6BE6 /* Debug */ = {
			isa = XCBuildConfiguration;
			buildSettings = {
				ASSETCATALOG_COMPILER_APPICON_NAME = AppIcon;
				"CODE_SIGN_IDENTITY[sdk=iphoneos*]" = "iPhone Developer";
				DEVELOPMENT_TEAM = X9KW2SQ39Q;
				INFOPLIST_FILE = SloMoCamera/Info.plist;
				IPHONEOS_DEPLOYMENT_TARGET = 10.3;
				LD_RUNPATH_SEARCH_PATHS = "$(inherited) @executable_path/Frameworks";
				PRODUCT_BUNDLE_IDENTIFIER = com.emikoclark.SloMoCamera;
				PRODUCT_NAME = "$(TARGET_NAME)";
				PROVISIONING_PROFILE_SPECIFIER = "";
				SWIFT_VERSION = 3.0;
			};
			name = Debug;
		};
		00AF4C931EA1434A00DA6BE6 /* Release */ = {
			isa = XCBuildConfiguration;
			buildSettings = {
				ASSETCATALOG_COMPILER_APPICON_NAME = AppIcon;
				"CODE_SIGN_IDENTITY[sdk=iphoneos*]" = "iPhone Developer";
				DEVELOPMENT_TEAM = X9KW2SQ39Q;
				INFOPLIST_FILE = SloMoCamera/Info.plist;
				IPHONEOS_DEPLOYMENT_TARGET = 10.3;
				LD_RUNPATH_SEARCH_PATHS = "$(inherited) @executable_path/Frameworks";
				PRODUCT_BUNDLE_IDENTIFIER = com.emikoclark.SloMoCamera;
				PRODUCT_NAME = "$(TARGET_NAME)";
				PROVISIONING_PROFILE_SPECIFIER = "";
				SWIFT_OPTIMIZATION_LEVEL = "-Onone";
				SWIFT_VERSION = 3.0;
			};
			name = Release;
		};
/* End XCBuildConfiguration section */

/* Begin XCConfigurationList section */
		00AF4C7A1EA1434A00DA6BE6 /* Build configuration list for PBXProject "SloMoCamera" */ = {
			isa = XCConfigurationList;
			buildConfigurations = (
				00AF4C8F1EA1434A00DA6BE6 /* Debug */,
				00AF4C901EA1434A00DA6BE6 /* Release */,
			);
			defaultConfigurationIsVisible = 0;
			defaultConfigurationName = Release;
		};
		00AF4C911EA1434A00DA6BE6 /* Build configuration list for PBXNativeTarget "SloMoCamera" */ = {
			isa = XCConfigurationList;
			buildConfigurations = (
				00AF4C921EA1434A00DA6BE6 /* Debug */,
				00AF4C931EA1434A00DA6BE6 /* Release */,
			);
			defaultConfigurationIsVisible = 0;
			defaultConfigurationName = Release;
		};
/* End XCConfigurationList section */
	};
	rootObject = 00AF4C771EA1434A00DA6BE6 /* Project object */;
}
